// !$*UTF8*$!
{
	archiveVersion = 1;
	classes = {
	};
	objectVersion = 50;
	objects = {

/* Begin PBXBuildFile section */
		59BE3DF12361164200551F37 /* AppDelegate.swift in Sources */ = {isa = PBXBuildFile; fileRef = 59BE3DF02361164200551F37 /* AppDelegate.swift */; };
		59BE3DF32361164200551F37 /* SceneDelegate.swift in Sources */ = {isa = PBXBuildFile; fileRef = 59BE3DF22361164200551F37 /* SceneDelegate.swift */; };
		59BE3DFA2361164600551F37 /* Assets.xcassets in Resources */ = {isa = PBXBuildFile; fileRef = 59BE3DF92361164600551F37 /* Assets.xcassets */; };
		59BE3DFD2361164600551F37 /* LaunchScreen.storyboard in Resources */ = {isa = PBXBuildFile; fileRef = 59BE3DFB2361164600551F37 /* LaunchScreen.storyboard */; };
		59BE3E0A2361176600551F37 /* MainVC.swift in Sources */ = {isa = PBXBuildFile; fileRef = 59BE3E092361176600551F37 /* MainVC.swift */; };
/* End PBXBuildFile section */

/* Begin PBXFileReference section */
		59BE3DED2361164200551F37 /* Autolayout_VisualFormat.app */ = {isa = PBXFileReference; explicitFileType = wrapper.application; includeInIndex = 0; path = Autolayout_VisualFormat.app; sourceTree = BUILT_PRODUCTS_DIR; };
		59BE3DF02361164200551F37 /* AppDelegate.swift */ = {isa = PBXFileReference; lastKnownFileType = sourcecode.swift; path = AppDelegate.swift; sourceTree = "<group>"; };
		59BE3DF22361164200551F37 /* SceneDelegate.swift */ = {isa = PBXFileReference; lastKnownFileType = sourcecode.swift; path = SceneDelegate.swift; sourceTree = "<group>"; };
		59BE3DF92361164600551F37 /* Assets.xcassets */ = {isa = PBXFileReference; lastKnownFileType = folder.assetcatalog; path = Assets.xcassets; sourceTree = "<group>"; };
		59BE3DFC2361164600551F37 /* Base */ = {isa = PBXFileReference; lastKnownFileType = file.storyboard; name = Base; path = Base.lproj/LaunchScreen.storyboard; sourceTree = "<group>"; };
		59BE3DFE2361164600551F37 /* Info.plist */ = {isa = PBXFileReference; lastKnownFileType = text.plist.xml; path = Info.plist; sourceTree = "<group>"; };
		59BE3E092361176600551F37 /* MainVC.swift */ = {isa = PBXFileReference; lastKnownFileType = sourcecode.swift; path = MainVC.swift; sourceTree = "<group>"; };
/* End PBXFileReference section */

/* Begin PBXFrameworksBuildPhase section */
		59BE3DEA2361164200551F37 /* Frameworks */ = {
			isa = PBXFrameworksBuildPhase;
			buildActionMask = 2147483647;
			files = (
			);
			runOnlyForDeploymentPostprocessing = 0;
		};
/* End PBXFrameworksBuildPhase section */

/* Begin PBXGroup section */
		59BE3DE42361164200551F37 = {
			isa = PBXGroup;
			children = (
				59BE3DEF2361164200551F37 /* Autolayout_VisualFormat */,
				59BE3DEE2361164200551F37 /* Products */,
			);
			sourceTree = "<group>";
		};
		59BE3DEE2361164200551F37 /* Products */ = {
			isa = PBXGroup;
			children = (
				59BE3DED2361164200551F37 /* Autolayout_VisualFormat.app */,
			);
			name = Products;
			sourceTree = "<group>";
		};
		59BE3DEF2361164200551F37 /* Autolayout_VisualFormat */ = {
			isa = PBXGroup;
			children = (
				59BE3E082361169200551F37 /* Storyboards */,
				59BE3E072361168000551F37 /* Other */,
				59BE3E062361167A00551F37 /* Controller */,
				59BE3E052361167500551F37 /* View */,
				59BE3E042361167000551F37 /* Model */,
				59BE3DF92361164600551F37 /* Assets.xcassets */,
				59BE3DFE2361164600551F37 /* Info.plist */,
			);
			path = Autolayout_VisualFormat;
			sourceTree = "<group>";
		};
		59BE3E042361167000551F37 /* Model */ = {
			isa = PBXGroup;
			children = (
			);
			path = Model;
			sourceTree = "<group>";
		};
		59BE3E052361167500551F37 /* View */ = {
			isa = PBXGroup;
			children = (
			);
			path = View;
			sourceTree = "<group>";
		};
		59BE3E062361167A00551F37 /* Controller */ = {
			isa = PBXGroup;
			children = (
				59BE3E092361176600551F37 /* MainVC.swift */,
			);
			path = Controller;
			sourceTree = "<group>";
		};
		59BE3E072361168000551F37 /* Other */ = {
			isa = PBXGroup;
			children = (
				59BE3DF02361164200551F37 /* AppDelegate.swift */,
				59BE3DF22361164200551F37 /* SceneDelegate.swift */,
			);
			path = Other;
			sourceTree = "<group>";
		};
		59BE3E082361169200551F37 /* Storyboards */ = {
			isa = PBXGroup;
			children = (
				59BE3DFB2361164600551F37 /* LaunchScreen.storyboard */,
			);
			path = Storyboards;
			sourceTree = "<group>";
		};
/* End PBXGroup section */

/* Begin PBXNativeTarget section */
		59BE3DEC2361164200551F37 /* Autolayout_VisualFormat */ = {
			isa = PBXNativeTarget;
			buildConfigurationList = 59BE3E012361164600551F37 /* Build configuration list for PBXNativeTarget "Autolayout_VisualFormat" */;
			buildPhases = (
				59BE3DE92361164200551F37 /* Sources */,
				59BE3DEA2361164200551F37 /* Frameworks */,
				59BE3DEB2361164200551F37 /* Resources */,
			);
			buildRules = (
			);
			dependencies = (
			);
			name = Autolayout_VisualFormat;
			productName = Autolayout_VisualFormat;
			productReference = 59BE3DED2361164200551F37 /* Autolayout_VisualFormat.app */;
			productType = "com.apple.product-type.application";
		};
/* End PBXNativeTarget section */

/* Begin PBXProject section */
		59BE3DE52361164200551F37 /* Project object */ = {
			isa = PBXProject;
			attributes = {
				LastSwiftUpdateCheck = 1110;
				LastUpgradeCheck = 1110;
				ORGANIZATIONNAME = "Jeffrey Lai";
				TargetAttributes = {
					59BE3DEC2361164200551F37 = {
						CreatedOnToolsVersion = 11.1;
					};
				};
			};
			buildConfigurationList = 59BE3DE82361164200551F37 /* Build configuration list for PBXProject "Autolayout_VisualFormat" */;
			compatibilityVersion = "Xcode 9.3";
			developmentRegion = en;
			hasScannedForEncodings = 0;
			knownRegions = (
				en,
				Base,
			);
			mainGroup = 59BE3DE42361164200551F37;
			productRefGroup = 59BE3DEE2361164200551F37 /* Products */;
			projectDirPath = "";
			projectRoot = "";
			targets = (
				59BE3DEC2361164200551F37 /* Autolayout_VisualFormat */,
			);
		};
/* End PBXProject section */

/* Begin PBXResourcesBuildPhase section */
		59BE3DEB2361164200551F37 /* Resources */ = {
			isa = PBXResourcesBuildPhase;
			buildActionMask = 2147483647;
			files = (
				59BE3DFD2361164600551F37 /* LaunchScreen.storyboard in Resources */,
				59BE3DFA2361164600551F37 /* Assets.xcassets in Resources */,
			);
			runOnlyForDeploymentPostprocessing = 0;
		};
/* End PBXResourcesBuildPhase section */

/* Begin PBXSourcesBuildPhase section */
		59BE3DE92361164200551F37 /* Sources */ = {
			isa = PBXSourcesBuildPhase;
			buildActionMask = 2147483647;
			files = (
				59BE3DF12361164200551F37 /* AppDelegate.swift in Sources */,
				59BE3E0A2361176600551F37 /* MainVC.swift in Sources */,
				59BE3DF32361164200551F37 /* SceneDelegate.swift in Sources */,
			);
			runOnlyForDeploymentPostprocessing = 0;
		};
/* End PBXSourcesBuildPhase section */

/* Begin PBXVariantGroup section */
		59BE3DFB2361164600551F37 /* LaunchScreen.storyboard */ = {
			isa = PBXVariantGroup;
			children = (
				59BE3DFC2361164600551F37 /* Base */,
			);
			name = LaunchScreen.storyboard;
			sourceTree = "<group>";
		};
/* End PBXVariantGroup section */

/* Begin XCBuildConfiguration section */
		59BE3DFF2361164600551F37 /* Debug */ = {
			isa = XCBuildConfiguration;
			buildSettings = {
				ALWAYS_SEARCH_USER_PATHS = NO;
				CLANG_ANALYZER_NONNULL = YES;
				CLANG_ANALYZER_NUMBER_OBJECT_CONVERSION = YES_AGGRESSIVE;
				CLANG_CXX_LANGUAGE_STANDARD = "gnu++14";
				CLANG_CXX_LIBRARY = "libc++";
				CLANG_ENABLE_MODULES = YES;
				CLANG_ENABLE_OBJC_ARC = YES;
				CLANG_ENABLE_OBJC_WEAK = YES;
				CLANG_WARN_BLOCK_CAPTURE_AUTORELEASING = YES;
				CLANG_WARN_BOOL_CONVERSION = YES;
				CLANG_WARN_COMMA = YES;
				CLANG_WARN_CONSTANT_CONVERSION = YES;
				CLANG_WARN_DEPRECATED_OBJC_IMPLEMENTATIONS = YES;
				CLANG_WARN_DIRECT_OBJC_ISA_USAGE = YES_ERROR;
				CLANG_WARN_DOCUMENTATION_COMMENTS = YES;
				CLANG_WARN_EMPTY_BODY = YES;
				CLANG_WARN_ENUM_CONVERSION = YES;
				CLANG_WARN_INFINITE_RECURSION = YES;
				CLANG_WARN_INT_CONVERSION = YES;
				CLANG_WARN_NON_LITERAL_NULL_CONVERSION = YES;
				CLANG_WARN_OBJC_IMPLICIT_RETAIN_SELF = YES;
				CLANG_WARN_OBJC_LITERAL_CONVERSION = YES;
				CLANG_WARN_OBJC_ROOT_CLASS = YES_ERROR;
				CLANG_WARN_RANGE_LOOP_ANALYSIS = YES;
				CLANG_WARN_STRICT_PROTOTYPES = YES;
				CLANG_WARN_SUSPICIOUS_MOVE = YES;
				CLANG_WARN_UNGUARDED_AVAILABILITY = YES_AGGRESSIVE;
				CLANG_WARN_UNREACHABLE_CODE = YES;
				CLANG_WARN__DUPLICATE_METHOD_MATCH = YES;
				COPY_PHASE_STRIP = NO;
				DEBUG_INFORMATION_FORMAT = dwarf;
				ENABLE_STRICT_OBJC_MSGSEND = YES;
				ENABLE_TESTABILITY = YES;
				GCC_C_LANGUAGE_STANDARD = gnu11;
				GCC_DYNAMIC_NO_PIC = NO;
				GCC_NO_COMMON_BLOCKS = YES;
				GCC_OPTIMIZATION_LEVEL = 0;
				GCC_PREPROCESSOR_DEFINITIONS = (
					"DEBUG=1",
					"$(inherited)",
				);
				GCC_WARN_64_TO_32_BIT_CONVERSION = YES;
				GCC_WARN_ABOUT_RETURN_TYPE = YES_ERROR;
				GCC_WARN_UNDECLARED_SELECTOR = YES;
				GCC_WARN_UNINITIALIZED_AUTOS = YES_AGGRESSIVE;
				GCC_WARN_UNUSED_FUNCTION = YES;
				GCC_WARN_UNUSED_VARIABLE = YES;
				IPHONEOS_DEPLOYMENT_TARGET = 13.1;
				MTL_ENABLE_DEBUG_INFO = INCLUDE_SOURCE;
				MTL_FAST_MATH = YES;
				ONLY_ACTIVE_ARCH = YES;
				SDKROOT = iphoneos;
				SWIFT_ACTIVE_COMPILATION_CONDITIONS = DEBUG;
				SWIFT_OPTIMIZATION_LEVEL = "-Onone";
			};
			name = Debug;
		};
		59BE3E002361164600551F37 /* Release */ = {
			isa = XCBuildConfiguration;
			buildSettings = {
				ALWAYS_SEARCH_USER_PATHS = NO;
				CLANG_ANALYZER_NONNULL = YES;
				CLANG_ANALYZER_NUMBER_OBJECT_CONVERSION = YES_AGGRESSIVE;
				CLANG_CXX_LANGUAGE_STANDARD = "gnu++14";
				CLANG_CXX_LIBRARY = "libc++";
				CLANG_ENABLE_MODULES = YES;
				CLANG_ENABLE_OBJC_ARC = YES;
				CLANG_ENABLE_OBJC_WEAK = YES;
				CLANG_WARN_BLOCK_CAPTURE_AUTORELEASING = YES;
				CLANG_WARN_BOOL_CONVERSION = YES;
				CLANG_WARN_COMMA = YES;
				CLANG_WARN_CONSTANT_CONVERSION = YES;
				CLANG_WARN_DEPRECATED_OBJC_IMPLEMENTATIONS = YES;
				CLANG_WARN_DIRECT_OBJC_ISA_USAGE = YES_ERROR;
				CLANG_WARN_DOCUMENTATION_COMMENTS = YES;
				CLANG_WARN_EMPTY_BODY = YES;
				CLANG_WARN_ENUM_CONVERSION = YES;
				CLANG_WARN_INFINITE_RECURSION = YES;
				CLANG_WARN_INT_CONVERSION = YES;
				CLANG_WARN_NON_LITERAL_NULL_CONVERSION = YES;
				CLANG_WARN_OBJC_IMPLICIT_RETAIN_SELF = YES;
				CLANG_WARN_OBJC_LITERAL_CONVERSION = YES;
				CLANG_WARN_OBJC_ROOT_CLASS = YES_ERROR;
				CLANG_WARN_RANGE_LOOP_ANALYSIS = YES;
				CLANG_WARN_STRICT_PROTOTYPES = YES;
				CLANG_WARN_SUSPICIOUS_MOVE = YES;
				CLANG_WARN_UNGUARDED_AVAILABILITY = YES_AGGRESSIVE;
				CLANG_WARN_UNREACHABLE_CODE = YES;
				CLANG_WARN__DUPLICATE_METHOD_MATCH = YES;
				COPY_PHASE_STRIP = NO;
				DEBUG_INFORMATION_FORMAT = "dwarf-with-dsym";
				ENABLE_NS_ASSERTIONS = NO;
				ENABLE_STRICT_OBJC_MSGSEND = YES;
				GCC_C_LANGUAGE_STANDARD = gnu11;
				GCC_NO_COMMON_BLOCKS = YES;
				GCC_WARN_64_TO_32_BIT_CONVERSION = YES;
				GCC_WARN_ABOUT_RETURN_TYPE = YES_ERROR;
				GCC_WARN_UNDECLARED_SELECTOR = YES;
				GCC_WARN_UNINITIALIZED_AUTOS = YES_AGGRESSIVE;
				GCC_WARN_UNUSED_FUNCTION = YES;
				GCC_WARN_UNUSED_VARIABLE = YES;
				IPHONEOS_DEPLOYMENT_TARGET = 13.1;
				MTL_ENABLE_DEBUG_INFO = NO;
				MTL_FAST_MATH = YES;
				SDKROOT = iphoneos;
				SWIFT_COMPILATION_MODE = wholemodule;
				SWIFT_OPTIMIZATION_LEVEL = "-O";
				VALIDATE_PRODUCT = YES;
			};
			name = Release;
		};
		59BE3E022361164600551F37 /* Debug */ = {
			isa = XCBuildConfiguration;
			buildSettings = {
				ASSETCATALOG_COMPILER_APPICON_NAME = AppIcon;
				CODE_SIGN_STYLE = Automatic;
				DEVELOPMENT_TEAM = 6XGS262W7D;
				INFOPLIST_FILE = Autolayout_VisualFormat/Info.plist;
				LD_RUNPATH_SEARCH_PATHS = (
					"$(inherited)",
					"@executable_path/Frameworks",
				);
				PRODUCT_BUNDLE_IDENTIFIER = "com.talismanmobile.Autolayout-VisualFormat";
				PRODUCT_NAME = "$(TARGET_NAME)";
				SWIFT_VERSION = 5.0;
				TARGETED_DEVICE_FAMILY = "1,2";
			};
			name = Debug;
		};
		59BE3E032361164600551F37 /* Release */ = {
			isa = XCBuildConfiguration;
			buildSettings = {
				ASSETCATALOG_COMPILER_APPICON_NAME = AppIcon;
				CODE_SIGN_STYLE = Automatic;
				DEVELOPMENT_TEAM = 6XGS262W7D;
				INFOPLIST_FILE = Autolayout_VisualFormat/Info.plist;
				LD_RUNPATH_SEARCH_PATHS = (
					"$(inherited)",
					"@executable_path/Frameworks",
				);
				PRODUCT_BUNDLE_IDENTIFIER = "com.talismanmobile.Autolayout-VisualFormat";
				PRODUCT_NAME = "$(TARGET_NAME)";
				SWIFT_VERSION = 5.0;
				TARGETED_DEVICE_FAMILY = "1,2";
			};
			name = Release;
		};
/* End XCBuildConfiguration section */

/* Begin XCConfigurationList section */
		59BE3DE82361164200551F37 /* Build configuration list for PBXProject "Autolayout_VisualFormat" */ = {
			isa = XCConfigurationList;
			buildConfigurations = (
				59BE3DFF2361164600551F37 /* Debug */,
				59BE3E002361164600551F37 /* Release */,
			);
			defaultConfigurationIsVisible = 0;
			defaultConfigurationName = Release;
		};
		59BE3E012361164600551F37 /* Build configuration list for PBXNativeTarget "Autolayout_VisualFormat" */ = {
			isa = XCConfigurationList;
			buildConfigurations = (
				59BE3E022361164600551F37 /* Debug */,
				59BE3E032361164600551F37 /* Release */,
			);
			defaultConfigurationIsVisible = 0;
			defaultConfigurationName = Release;
		};
/* End XCConfigurationList section */
	};
	rootObject = 59BE3DE52361164200551F37 /* Project object */;
}
